# THIS IS AN AUTOGENERATED FILE. DO NOT EDIT THIS FILE DIRECTLY.
# yarn lockfile v1


"@ts-defold/types@^1.2.21":
  version "1.2.21"
  resolved "https://registry.yarnpkg.com/@ts-defold/types/-/types-1.2.21.tgz#b214a84f2565620be702c555128f0728eb370d2b"
  integrity sha512-2OEO28D2Kz8ozz7onqHiZE8yGneVmXDt8EpZcgT3MR5EzduJk7hUBWWufabiAnvM+x2NzvBpNeZcsZpq3zoC6A==
  dependencies:
    lua-types "^2.10.1"

"@typescript-to-lua/language-extensions@^1.0.0":
  version "1.0.0"
  resolved "https://registry.yarnpkg.com/@typescript-to-lua/language-extensions/-/language-extensions-1.0.0.tgz#fad73b01c21ace67abbd1477cd2b1f8b3ce7287b"
  integrity sha512-GtmhFqyg+txpGgGLM3mlS3R6AEG9MQhKALxxcbr6SBzg9u7YAXcPKqUBaBYd6nH+Pi/eQLcWz4BNOLhz8v4TjQ==

lua-types@^2.10.1:
  version "2.13.1"
  resolved "https://registry.yarnpkg.com/lua-types/-/lua-types-2.13.1.tgz#8df705ae47617d4a2f189d727f075ca36e690bdb"
  integrity sha512-rRwtvX6kS+5MpuO3xpvKsnYjdSDDI064Qq1OqX8gY+r+0l7m3dFLiZPDFoHqH22jaBpEvcHcPs6+WD7qkdmFsA==

prettier@^3.0.0:
  version "3.0.0"
  resolved "https://registry.yarnpkg.com/prettier/-/prettier-3.0.0.tgz#e7b19f691245a21d618c68bc54dc06122f6105ae"
  integrity sha512-zBf5eHpwHOGPC47h0zrPyNn+eAEIdEzfywMoYn2XPi0P44Zp0tSq64rq0xAREh4auw2cJZHo9QUob+NqCQky4g==

typescript@~5.1.0:
  version "5.1.6"
  resolved "https://registry.yarnpkg.com/typescript/-/typescript-5.1.6.tgz#02f8ac202b6dad2c0dd5e0913745b47a37998274"
  integrity sha512-zaWCozRZ6DLEWAWFrVDz1H6FVXzUSfTy5FUMWsQlU8Ym5JP9eO4xkTIROFCQvhQf61z6O/G6ugw3SgAnvvm+HA==
